
Microsoft Visual Studio Solution File, Format Version 12.00
# Visual Studio Version 17
VisualStudioVersion = 17.7.34031.279
MinimumVisualStudioVersion = 10.0.40219.1
Project("{FAE04EC0-301F-11D3-BF4B-00C04F79EFBC}") = "WinFormsApp1", "WinFormsApp1\WinFormsApp1.csproj", "{212BDB96-2562-48B0-96C8-106BE2615FEA}"
EndProject
Global
	GlobalSection(SolutionConfigurationPlatforms) = preSolution
		Debug|Any CPU = Debug|Any CPU
		Release|Any CPU = Release|Any CPU
	EndGlobalSection
	GlobalSection(ProjectConfigurationPlatforms) = postSolution
		{212BDB96-2562-48B0-96C8-106BE2615FEA}.Debug|Any CPU.ActiveCfg = Debug|Any CPU
		{212BDB96-2562-48B0-96C8-106BE2615FEA}.Debug|Any CPU.Build.0 = Debug|Any CPU
		{212BDB96-2562-48B0-96C8-106BE2615FEA}.Release|Any CPU.ActiveCfg = Release|Any CPU
		{212BDB96-2562-48B0-96C8-106BE2615FEA}.Release|Any CPU.Build.0 = Release|Any CPU
	EndGlobalSection
	GlobalSection(SolutionProperties) = preSolution
		HideSolutionNode = FALSE
	EndGlobalSection
	GlobalSection(ExtensibilityGlobals) = postSolution
		SolutionGuid = {AD3A6FC9-C6AA-4EF2-8D57-F9858E14165D}
	EndGlobalSection
EndGlobal
